
Microsoft Visual Studio Solution File, Format Version 12.00
# Visual Studio Version 17
VisualStudioVersion = 17.4.33213.308
MinimumVisualStudioVersion = 10.0.40219.1
Project("{FAE04EC0-301F-11D3-BF4B-00C04F79EFBC}") = "GridEditTemplateWithTimePicker", "GridEditTemplateWithTimePicker.csproj", "{6FB88234-529D-4F2C-9F7D-02513EC64F25}"
EndProject
Global
	GlobalSection(SolutionConfigurationPlatforms) = preSolution
		Debug|Any CPU = Debug|Any CPU
		Release|Any CPU = Release|Any CPU
	EndGlobalSection
	GlobalSection(ProjectConfigurationPlatforms) = postSolution
		{6FB88234-529D-4F2C-9F7D-02513EC64F25}.Debug|Any CPU.ActiveCfg = Debug|Any CPU
		{6FB88234-529D-4F2C-9F7D-02513EC64F25}.Debug|Any CPU.Build.0 = Debug|Any CPU
		{6FB88234-529D-4F2C-9F7D-02513EC64F25}.Release|Any CPU.ActiveCfg = Release|Any CPU
		{6FB88234-529D-4F2C-9F7D-02513EC64F25}.Release|Any CPU.Build.0 = Release|Any CPU
	EndGlobalSection
	GlobalSection(SolutionProperties) = preSolution
		HideSolutionNode = FALSE
	EndGlobalSection
	GlobalSection(ExtensibilityGlobals) = postSolution
		SolutionGuid = {5ABB0525-3230-474C-B3FC-016C187383A9}
	EndGlobalSection
EndGlobal
